
Microsoft Visual Studio Solution File, Format Version 12.00
# Visual Studio Version 17
VisualStudioVersion = 17.4.33213.308
MinimumVisualStudioVersion = 10.0.40219.1
Project("{9A19103F-16F7-4668-BE54-9A1E7A4F7556}") = "SistemaInventario.AccesoDatos", "SistemaInventario.AccesoDatos\SistemaInventario.AccesoDatos.csproj", "{2B1709E0-765B-4816-BD93-F2441E256E32}"
EndProject
Project("{9A19103F-16F7-4668-BE54-9A1E7A4F7556}") = "SistemaInventario.Modelos", "SistemaInventario.Modelos\SistemaInventario.Modelos.csproj", "{9B601DBC-244E-432C-90A7-989545E5AD4B}"
EndProject
Project("{9A19103F-16F7-4668-BE54-9A1E7A4F7556}") = "SistemaInventario.Utilidades", "SistemaInventario.Utilidades\SistemaInventario.Utilidades.csproj", "{4872C6BE-C89F-422F-9ECF-1BB0C80643A6}"
EndProject
Project("{FAE04EC0-301F-11D3-BF4B-00C04F79EFBC}") = "SistemaInventario", "SistemaInventario\SistemaInventario.csproj", "{503E92B3-3082-4C77-87F4-2BC5A9A3D428}"
EndProject
Global
	GlobalSection(SolutionConfigurationPlatforms) = preSolution
		Debug|Any CPU = Debug|Any CPU
		Release|Any CPU = Release|Any CPU
	EndGlobalSection
	GlobalSection(ProjectConfigurationPlatforms) = postSolution
		{2B1709E0-765B-4816-BD93-F2441E256E32}.Debug|Any CPU.ActiveCfg = Debug|Any CPU
		{2B1709E0-765B-4816-BD93-F2441E256E32}.Debug|Any CPU.Build.0 = Debug|Any CPU
		{2B1709E0-765B-4816-BD93-F2441E256E32}.Release|Any CPU.ActiveCfg = Release|Any CPU
		{2B1709E0-765B-4816-BD93-F2441E256E32}.Release|Any CPU.Build.0 = Release|Any CPU
		{9B601DBC-244E-432C-90A7-989545E5AD4B}.Debug|Any CPU.ActiveCfg = Debug|Any CPU
		{9B601DBC-244E-432C-90A7-989545E5AD4B}.Debug|Any CPU.Build.0 = Debug|Any CPU
		{9B601DBC-244E-432C-90A7-989545E5AD4B}.Release|Any CPU.ActiveCfg = Release|Any CPU
		{9B601DBC-244E-432C-90A7-989545E5AD4B}.Release|Any CPU.Build.0 = Release|Any CPU
		{4872C6BE-C89F-422F-9ECF-1BB0C80643A6}.Debug|Any CPU.ActiveCfg = Debug|Any CPU
		{4872C6BE-C89F-422F-9ECF-1BB0C80643A6}.Debug|Any CPU.Build.0 = Debug|Any CPU
		{4872C6BE-C89F-422F-9ECF-1BB0C80643A6}.Release|Any CPU.ActiveCfg = Release|Any CPU
		{4872C6BE-C89F-422F-9ECF-1BB0C80643A6}.Release|Any CPU.Build.0 = Release|Any CPU
		{503E92B3-3082-4C77-87F4-2BC5A9A3D428}.Debug|Any CPU.ActiveCfg = Debug|Any CPU
		{503E92B3-3082-4C77-87F4-2BC5A9A3D428}.Debug|Any CPU.Build.0 = Debug|Any CPU
		{503E92B3-3082-4C77-87F4-2BC5A9A3D428}.Release|Any CPU.ActiveCfg = Release|Any CPU
		{503E92B3-3082-4C77-87F4-2BC5A9A3D428}.Release|Any CPU.Build.0 = Release|Any CPU
	EndGlobalSection
	GlobalSection(SolutionProperties) = preSolution
		HideSolutionNode = FALSE
	EndGlobalSection
	GlobalSection(ExtensibilityGlobals) = postSolution
		SolutionGuid = {DEA884D8-956E-49C6-B203-6F968A94D211}
	EndGlobalSection
EndGlobal
